// !$*UTF8*$!
{
	archiveVersion = 1;
	classes = {
	};
	objectVersion = 50;
	objects = {

/* Begin PBXBuildFile section */
		336659C522050FDD00CE65C3 /* ScalingCarousel.framework in Frameworks */ = {isa = PBXBuildFile; fileRef = 336659C422050FDD00CE65C3 /* ScalingCarousel.framework */; };
		3381CB562202E9F3003FF236 /* RequestViewController.swift in Sources */ = {isa = PBXBuildFile; fileRef = 3381CB552202E9F3003FF236 /* RequestViewController.swift */; };
		3381CB592202EE83003FF236 /* BackButton.swift in Sources */ = {isa = PBXBuildFile; fileRef = 3381CB582202EE83003FF236 /* BackButton.swift */; };
		3381CB5B22033C87003FF236 /* TagsRequestCollectionViewCell.swift in Sources */ = {isa = PBXBuildFile; fileRef = 3381CB5A22033C87003FF236 /* TagsRequestCollectionViewCell.swift */; };
		3381CB5D22035654003FF236 /* NotoSerif-Italic.ttf in Resources */ = {isa = PBXBuildFile; fileRef = 3381CB5C22035348003FF236 /* NotoSerif-Italic.ttf */; };
		3381CB5F220381C5003FF236 /* StepsProjectViewController.swift in Sources */ = {isa = PBXBuildFile; fileRef = 3381CB5E220381C5003FF236 /* StepsProjectViewController.swift */; };
		3381CB6222038605003FF236 /* AanvragenView.xib in Resources */ = {isa = PBXBuildFile; fileRef = 3381CB6122038605003FF236 /* AanvragenView.xib */; };
		3381CB6422039569003FF236 /* LockedView.xib in Resources */ = {isa = PBXBuildFile; fileRef = 3381CB6322039569003FF236 /* LockedView.xib */; };
		3381CB662203A4CA003FF236 /* stapUIView.swift in Sources */ = {isa = PBXBuildFile; fileRef = 3381CB652203A4CA003FF236 /* stapUIView.swift */; };
		3381CB68220413A3003FF236 /* stepsCollectionViewCell.swift in Sources */ = {isa = PBXBuildFile; fileRef = 3381CB67220413A3003FF236 /* stepsCollectionViewCell.swift */; };
		3381CB6A2204EB68003FF236 /* UIViewBorder.swift in Sources */ = {isa = PBXBuildFile; fileRef = 3381CB692204EB68003FF236 /* UIViewBorder.swift */; };
		3381CB6C2204EDB6003FF236 /* ProjectStartenViewController.swift in Sources */ = {isa = PBXBuildFile; fileRef = 3381CB6B2204EDB6003FF236 /* ProjectStartenViewController.swift */; };
		3381CB6F2204FFDD003FF236 /* Stap1AanvraagViewController.swift in Sources */ = {isa = PBXBuildFile; fileRef = 3381CB6E2204FFDD003FF236 /* Stap1AanvraagViewController.swift */; };
		338679D12205C0F800ADD9B5 /* aanvraagSteps.swift in Sources */ = {isa = PBXBuildFile; fileRef = 338679D02205C0F800ADD9B5 /* aanvraagSteps.swift */; };
		338679D32205CA5A00ADD9B5 /* Stap2AanvraagViewController.swift in Sources */ = {isa = PBXBuildFile; fileRef = 338679D22205CA5A00ADD9B5 /* Stap2AanvraagViewController.swift */; };
		338679D52205DA1300ADD9B5 /* customNavigation.swift in Sources */ = {isa = PBXBuildFile; fileRef = 338679D42205DA1300ADD9B5 /* customNavigation.swift */; };
		338679D72205EDEC00ADD9B5 /* Stap3AanvraagViewController.swift in Sources */ = {isa = PBXBuildFile; fileRef = 338679D62205EDEC00ADD9B5 /* Stap3AanvraagViewController.swift */; };
		338679D92205F01E00ADD9B5 /* Stap4AanvraagViewController.swift in Sources */ = {isa = PBXBuildFile; fileRef = 338679D82205F01E00ADD9B5 /* Stap4AanvraagViewController.swift */; };
		33D4B5D722019D250095DAE6 /* ProjectsViewController.swift in Sources */ = {isa = PBXBuildFile; fileRef = 33D4B5D622019D250095DAE6 /* ProjectsViewController.swift */; };
		33D4B5D922019D350095DAE6 /* HomeViewController.swift in Sources */ = {isa = PBXBuildFile; fileRef = 33D4B5D822019D350095DAE6 /* HomeViewController.swift */; };
		33D4B5DD2201AADA0095DAE6 /* NotoSerif-Regular.ttf in Resources */ = {isa = PBXBuildFile; fileRef = 33D4B5DB2201AADA0095DAE6 /* NotoSerif-Regular.ttf */; };
		33D4B5DE2201AADA0095DAE6 /* NotoSerif-Bold.ttf in Resources */ = {isa = PBXBuildFile; fileRef = 33D4B5DC2201AADA0095DAE6 /* NotoSerif-Bold.ttf */; };
		33D4B5E12201AEC10095DAE6 /* RequestCell.swift in Sources */ = {isa = PBXBuildFile; fileRef = 33D4B5E02201AEC10095DAE6 /* RequestCell.swift */; };
		33D4B5E32201BD320095DAE6 /* ProjectCollectionViewCell.swift in Sources */ = {isa = PBXBuildFile; fileRef = 33D4B5E22201BD320095DAE6 /* ProjectCollectionViewCell.swift */; };
		33D4B60322022D420095DAE6 /* IntrestHomeCollectionViewCell.swift in Sources */ = {isa = PBXBuildFile; fileRef = 33D4B60222022D420095DAE6 /* IntrestHomeCollectionViewCell.swift */; };
		33EBF5542200FEB400B242AE /* AppDelegate.swift in Sources */ = {isa = PBXBuildFile; fileRef = 33EBF5532200FEB400B242AE /* AppDelegate.swift */; };
		33EBF5562200FEB400B242AE /* ProfileViewController.swift in Sources */ = {isa = PBXBuildFile; fileRef = 33EBF5552200FEB400B242AE /* ProfileViewController.swift */; };
		33EBF5592200FEB400B242AE /* Main.storyboard in Resources */ = {isa = PBXBuildFile; fileRef = 33EBF5572200FEB400B242AE /* Main.storyboard */; };
		33EBF55B2200FEB600B242AE /* Assets.xcassets in Resources */ = {isa = PBXBuildFile; fileRef = 33EBF55A2200FEB600B242AE /* Assets.xcassets */; };
		33EBF55E2200FEB600B242AE /* LaunchScreen.storyboard in Resources */ = {isa = PBXBuildFile; fileRef = 33EBF55C2200FEB600B242AE /* LaunchScreen.storyboard */; };
		406780833F7FCCF4AD3B7554 /* Pods_MakerMate.framework in Frameworks */ = {isa = PBXBuildFile; fileRef = 9D30593DA29349FD699DB5C6 /* Pods_MakerMate.framework */; };
/* End PBXBuildFile section */

/* Begin PBXFileReference section */
		336659C422050FDD00CE65C3 /* ScalingCarousel.framework */ = {isa = PBXFileReference; explicitFileType = wrapper.framework; path = ScalingCarousel.framework; sourceTree = BUILT_PRODUCTS_DIR; };
		3381CB552202E9F3003FF236 /* RequestViewController.swift */ = {isa = PBXFileReference; lastKnownFileType = sourcecode.swift; path = RequestViewController.swift; sourceTree = "<group>"; };
		3381CB582202EE83003FF236 /* BackButton.swift */ = {isa = PBXFileReference; lastKnownFileType = sourcecode.swift; path = BackButton.swift; sourceTree = "<group>"; };
		3381CB5A22033C87003FF236 /* TagsRequestCollectionViewCell.swift */ = {isa = PBXFileReference; lastKnownFileType = sourcecode.swift; path = TagsRequestCollectionViewCell.swift; sourceTree = "<group>"; };
		3381CB5C22035348003FF236 /* NotoSerif-Italic.ttf */ = {isa = PBXFileReference; lastKnownFileType = file; path = "NotoSerif-Italic.ttf"; sourceTree = "<group>"; };
		3381CB5E220381C5003FF236 /* StepsProjectViewController.swift */ = {isa = PBXFileReference; lastKnownFileType = sourcecode.swift; path = StepsProjectViewController.swift; sourceTree = "<group>"; };
		3381CB6122038605003FF236 /* AanvragenView.xib */ = {isa = PBXFileReference; lastKnownFileType = file.xib; path = AanvragenView.xib; sourceTree = "<group>"; };
		3381CB6322039569003FF236 /* LockedView.xib */ = {isa = PBXFileReference; lastKnownFileType = file.xib; path = LockedView.xib; sourceTree = "<group>"; };
		3381CB652203A4CA003FF236 /* stapUIView.swift */ = {isa = PBXFileReference; lastKnownFileType = sourcecode.swift; path = stapUIView.swift; sourceTree = "<group>"; };
		3381CB67220413A3003FF236 /* stepsCollectionViewCell.swift */ = {isa = PBXFileReference; lastKnownFileType = sourcecode.swift; path = stepsCollectionViewCell.swift; sourceTree = "<group>"; };
		3381CB692204EB68003FF236 /* UIViewBorder.swift */ = {isa = PBXFileReference; lastKnownFileType = sourcecode.swift; path = UIViewBorder.swift; sourceTree = "<group>"; };
		3381CB6B2204EDB6003FF236 /* ProjectStartenViewController.swift */ = {isa = PBXFileReference; lastKnownFileType = sourcecode.swift; path = ProjectStartenViewController.swift; sourceTree = "<group>"; };
		3381CB6E2204FFDD003FF236 /* Stap1AanvraagViewController.swift */ = {isa = PBXFileReference; lastKnownFileType = sourcecode.swift; path = Stap1AanvraagViewController.swift; sourceTree = "<group>"; };
		338679D02205C0F800ADD9B5 /* aanvraagSteps.swift */ = {isa = PBXFileReference; lastKnownFileType = sourcecode.swift; path = aanvraagSteps.swift; sourceTree = "<group>"; };
		338679D22205CA5A00ADD9B5 /* Stap2AanvraagViewController.swift */ = {isa = PBXFileReference; lastKnownFileType = sourcecode.swift; path = Stap2AanvraagViewController.swift; sourceTree = "<group>"; };
		338679D42205DA1300ADD9B5 /* customNavigation.swift */ = {isa = PBXFileReference; lastKnownFileType = sourcecode.swift; path = customNavigation.swift; sourceTree = "<group>"; };
		338679D62205EDEC00ADD9B5 /* Stap3AanvraagViewController.swift */ = {isa = PBXFileReference; lastKnownFileType = sourcecode.swift; path = Stap3AanvraagViewController.swift; sourceTree = "<group>"; };
		338679D82205F01E00ADD9B5 /* Stap4AanvraagViewController.swift */ = {isa = PBXFileReference; lastKnownFileType = sourcecode.swift; path = Stap4AanvraagViewController.swift; sourceTree = "<group>"; };
		33D4B5D622019D250095DAE6 /* ProjectsViewController.swift */ = {isa = PBXFileReference; lastKnownFileType = sourcecode.swift; path = ProjectsViewController.swift; sourceTree = "<group>"; };
		33D4B5D822019D350095DAE6 /* HomeViewController.swift */ = {isa = PBXFileReference; lastKnownFileType = sourcecode.swift; path = HomeViewController.swift; sourceTree = "<group>"; };
		33D4B5DB2201AADA0095DAE6 /* NotoSerif-Regular.ttf */ = {isa = PBXFileReference; lastKnownFileType = file; path = "NotoSerif-Regular.ttf"; sourceTree = "<group>"; };
		33D4B5DC2201AADA0095DAE6 /* NotoSerif-Bold.ttf */ = {isa = PBXFileReference; lastKnownFileType = file; path = "NotoSerif-Bold.ttf"; sourceTree = "<group>"; };
		33D4B5E02201AEC10095DAE6 /* RequestCell.swift */ = {isa = PBXFileReference; lastKnownFileType = sourcecode.swift; path = RequestCell.swift; sourceTree = "<group>"; };
		33D4B5E22201BD320095DAE6 /* ProjectCollectionViewCell.swift */ = {isa = PBXFileReference; lastKnownFileType = sourcecode.swift; path = ProjectCollectionViewCell.swift; sourceTree = "<group>"; };
		33D4B60222022D420095DAE6 /* IntrestHomeCollectionViewCell.swift */ = {isa = PBXFileReference; lastKnownFileType = sourcecode.swift; path = IntrestHomeCollectionViewCell.swift; sourceTree = "<group>"; };
		33EBF5502200FEB400B242AE /* MakerMate.app */ = {isa = PBXFileReference; explicitFileType = wrapper.application; includeInIndex = 0; path = MakerMate.app; sourceTree = BUILT_PRODUCTS_DIR; };
		33EBF5532200FEB400B242AE /* AppDelegate.swift */ = {isa = PBXFileReference; lastKnownFileType = sourcecode.swift; path = AppDelegate.swift; sourceTree = "<group>"; };
		33EBF5552200FEB400B242AE /* ProfileViewController.swift */ = {isa = PBXFileReference; lastKnownFileType = sourcecode.swift; path = ProfileViewController.swift; sourceTree = "<group>"; };
		33EBF5582200FEB400B242AE /* Base */ = {isa = PBXFileReference; lastKnownFileType = file.storyboard; name = Base; path = Base.lproj/Main.storyboard; sourceTree = "<group>"; };
		33EBF55A2200FEB600B242AE /* Assets.xcassets */ = {isa = PBXFileReference; lastKnownFileType = folder.assetcatalog; path = Assets.xcassets; sourceTree = "<group>"; };
		33EBF55D2200FEB600B242AE /* Base */ = {isa = PBXFileReference; lastKnownFileType = file.storyboard; name = Base; path = Base.lproj/LaunchScreen.storyboard; sourceTree = "<group>"; };
		33EBF55F2200FEB600B242AE /* Info.plist */ = {isa = PBXFileReference; lastKnownFileType = text.plist.xml; path = Info.plist; sourceTree = "<group>"; };
		6F18F3B9B0528F5EF81CBDCC /* Pods-MakerMate.release.xcconfig */ = {isa = PBXFileReference; includeInIndex = 1; lastKnownFileType = text.xcconfig; name = "Pods-MakerMate.release.xcconfig"; path = "Pods/Target Support Files/Pods-MakerMate/Pods-MakerMate.release.xcconfig"; sourceTree = "<group>"; };
		7571866B176500056F929F40 /* Pods-MakerMate.debug.xcconfig */ = {isa = PBXFileReference; includeInIndex = 1; lastKnownFileType = text.xcconfig; name = "Pods-MakerMate.debug.xcconfig"; path = "Pods/Target Support Files/Pods-MakerMate/Pods-MakerMate.debug.xcconfig"; sourceTree = "<group>"; };
		9D30593DA29349FD699DB5C6 /* Pods_MakerMate.framework */ = {isa = PBXFileReference; explicitFileType = wrapper.framework; includeInIndex = 0; path = Pods_MakerMate.framework; sourceTree = BUILT_PRODUCTS_DIR; };
/* End PBXFileReference section */

/* Begin PBXFrameworksBuildPhase section */
		33EBF54D2200FEB400B242AE /* Frameworks */ = {
			isa = PBXFrameworksBuildPhase;
			buildActionMask = 2147483647;
			files = (
				336659C522050FDD00CE65C3 /* ScalingCarousel.framework in Frameworks */,
				406780833F7FCCF4AD3B7554 /* Pods_MakerMate.framework in Frameworks */,
			);
			runOnlyForDeploymentPostprocessing = 0;
		};
/* End PBXFrameworksBuildPhase section */

/* Begin PBXGroup section */
		3381CB572202EE6C003FF236 /* CustomElements */ = {
			isa = PBXGroup;
			children = (
				3381CB582202EE83003FF236 /* BackButton.swift */,
			);
			path = CustomElements;
			sourceTree = "<group>";
		};
		3381CB60220385D1003FF236 /* Nibs */ = {
			isa = PBXGroup;
			children = (
				3381CB6122038605003FF236 /* AanvragenView.xib */,
				3381CB6322039569003FF236 /* LockedView.xib */,
			);
			path = Nibs;
			sourceTree = "<group>";
		};
		3381CB6D2204FFBF003FF236 /* Aanvraag */ = {
			isa = PBXGroup;
			children = (
				3381CB6B2204EDB6003FF236 /* ProjectStartenViewController.swift */,
				3381CB6E2204FFDD003FF236 /* Stap1AanvraagViewController.swift */,
				338679D22205CA5A00ADD9B5 /* Stap2AanvraagViewController.swift */,
				338679D62205EDEC00ADD9B5 /* Stap3AanvraagViewController.swift */,
				338679D82205F01E00ADD9B5 /* Stap4AanvraagViewController.swift */,
			);
			path = Aanvraag;
			sourceTree = "<group>";
		};
		33D4B5D0220197300095DAE6 /* Controllers */ = {
			isa = PBXGroup;
			children = (
				33EBF5532200FEB400B242AE /* AppDelegate.swift */,
			);
			path = Controllers;
			sourceTree = "<group>";
		};
		33D4B5D12201974B0095DAE6 /* Models */ = {
			isa = PBXGroup;
			children = (
				338679D02205C0F800ADD9B5 /* aanvraagSteps.swift */,
			);
			path = Models;
			sourceTree = "<group>";
		};
		33D4B5D2220197600095DAE6 /* View Controllers */ = {
			isa = PBXGroup;
			children = (
				3381CB6D2204FFBF003FF236 /* Aanvraag */,
				33EBF5552200FEB400B242AE /* ProfileViewController.swift */,
				33D4B5D622019D250095DAE6 /* ProjectsViewController.swift */,
				33D4B5D822019D350095DAE6 /* HomeViewController.swift */,
				3381CB552202E9F3003FF236 /* RequestViewController.swift */,
				3381CB5E220381C5003FF236 /* StepsProjectViewController.swift */,
			);
			path = "View Controllers";
			sourceTree = "<group>";
		};
		33D4B5D3220197780095DAE6 /* Extensions */ = {
			isa = PBXGroup;
			children = (
				3381CB692204EB68003FF236 /* UIViewBorder.swift */,
			);
			path = Extensions;
			sourceTree = "<group>";
		};
		33D4B5D42201978D0095DAE6 /* Supporting Files */ = {
			isa = PBXGroup;
			children = (
				33D4B5DA2201AA990095DAE6 /* Fonts */,
				33EBF55A2200FEB600B242AE /* Assets.xcassets */,
				33EBF55C2200FEB600B242AE /* LaunchScreen.storyboard */,
				33EBF55F2200FEB600B242AE /* Info.plist */,
			);
			path = "Supporting Files";
			sourceTree = "<group>";
		};
		33D4B5D522019B8F0095DAE6 /* Views */ = {
			isa = PBXGroup;
			children = (
				33EBF5572200FEB400B242AE /* Main.storyboard */,
			);
			path = Views;
			sourceTree = "<group>";
		};
		33D4B5DA2201AA990095DAE6 /* Fonts */ = {
			isa = PBXGroup;
			children = (
				33D4B5DC2201AADA0095DAE6 /* NotoSerif-Bold.ttf */,
				3381CB5C22035348003FF236 /* NotoSerif-Italic.ttf */,
				33D4B5DB2201AADA0095DAE6 /* NotoSerif-Regular.ttf */,
			);
			path = Fonts;
			sourceTree = "<group>";
		};
		33D4B5DF2201AE900095DAE6 /* CocoaClasses */ = {
			isa = PBXGroup;
			children = (
				33D4B5E02201AEC10095DAE6 /* RequestCell.swift */,
				33D4B5E22201BD320095DAE6 /* ProjectCollectionViewCell.swift */,
				33D4B60222022D420095DAE6 /* IntrestHomeCollectionViewCell.swift */,
				3381CB5A22033C87003FF236 /* TagsRequestCollectionViewCell.swift */,
				3381CB652203A4CA003FF236 /* stapUIView.swift */,
				3381CB67220413A3003FF236 /* stepsCollectionViewCell.swift */,
				338679D42205DA1300ADD9B5 /* customNavigation.swift */,
			);
			path = CocoaClasses;
			sourceTree = "<group>";
		};
		33EBF5472200FEB400B242AE = {
			isa = PBXGroup;
			children = (
				33EBF5522200FEB400B242AE /* MakerMate */,
				33EBF5512200FEB400B242AE /* Products */,
				9931080A6C0349016E7E3743 /* Pods */,
				B471F51279CA3A2CD4FB208E /* Frameworks */,
			);
			sourceTree = "<group>";
		};
		33EBF5512200FEB400B242AE /* Products */ = {
			isa = PBXGroup;
			children = (
				33EBF5502200FEB400B242AE /* MakerMate.app */,
			);
			name = Products;
			sourceTree = "<group>";
		};
		33EBF5522200FEB400B242AE /* MakerMate */ = {
			isa = PBXGroup;
			children = (
				3381CB60220385D1003FF236 /* Nibs */,
				3381CB572202EE6C003FF236 /* CustomElements */,
				33D4B5DF2201AE900095DAE6 /* CocoaClasses */,
				33D4B5D3220197780095DAE6 /* Extensions */,
				33D4B5D12201974B0095DAE6 /* Models */,
				33D4B5D2220197600095DAE6 /* View Controllers */,
				33D4B5D522019B8F0095DAE6 /* Views */,
				33D4B5D0220197300095DAE6 /* Controllers */,
				33D4B5D42201978D0095DAE6 /* Supporting Files */,
			);
			path = MakerMate;
			sourceTree = "<group>";
		};
		9931080A6C0349016E7E3743 /* Pods */ = {
			isa = PBXGroup;
			children = (
				7571866B176500056F929F40 /* Pods-MakerMate.debug.xcconfig */,
				6F18F3B9B0528F5EF81CBDCC /* Pods-MakerMate.release.xcconfig */,
			);
			name = Pods;
			sourceTree = "<group>";
		};
		B471F51279CA3A2CD4FB208E /* Frameworks */ = {
			isa = PBXGroup;
			children = (
				336659C422050FDD00CE65C3 /* ScalingCarousel.framework */,
				9D30593DA29349FD699DB5C6 /* Pods_MakerMate.framework */,
			);
			name = Frameworks;
			sourceTree = "<group>";
		};
/* End PBXGroup section */

/* Begin PBXNativeTarget section */
		33EBF54F2200FEB400B242AE /* MakerMate */ = {
			isa = PBXNativeTarget;
			buildConfigurationList = 33EBF5622200FEB600B242AE /* Build configuration list for PBXNativeTarget "MakerMate" */;
			buildPhases = (
				33686BD12E37F9F63A95E70B /* [CP] Check Pods Manifest.lock */,
				33EBF54C2200FEB400B242AE /* Sources */,
				33EBF54D2200FEB400B242AE /* Frameworks */,
				33EBF54E2200FEB400B242AE /* Resources */,
				457DA03DEB9B205E85C74230 /* [CP] Embed Pods Frameworks */,
			);
			buildRules = (
			);
			dependencies = (
			);
			name = MakerMate;
			productName = MakerMate;
			productReference = 33EBF5502200FEB400B242AE /* MakerMate.app */;
			productType = "com.apple.product-type.application";
		};
/* End PBXNativeTarget section */

/* Begin PBXProject section */
		33EBF5482200FEB400B242AE /* Project object */ = {
			isa = PBXProject;
			attributes = {
				LastSwiftUpdateCheck = 1010;
				LastUpgradeCheck = 1010;
				ORGANIZATIONNAME = "Jens Van Steen";
				TargetAttributes = {
					33EBF54F2200FEB400B242AE = {
						CreatedOnToolsVersion = 10.1;
					};
				};
			};
			buildConfigurationList = 33EBF54B2200FEB400B242AE /* Build configuration list for PBXProject "MakerMate" */;
			compatibilityVersion = "Xcode 9.3";
			developmentRegion = en;
			hasScannedForEncodings = 0;
			knownRegions = (
				en,
				Base,
			);
			mainGroup = 33EBF5472200FEB400B242AE;
			productRefGroup = 33EBF5512200FEB400B242AE /* Products */;
			projectDirPath = "";
			projectRoot = "";
			targets = (
				33EBF54F2200FEB400B242AE /* MakerMate */,
			);
		};
/* End PBXProject section */

/* Begin PBXResourcesBuildPhase section */
		33EBF54E2200FEB400B242AE /* Resources */ = {
			isa = PBXResourcesBuildPhase;
			buildActionMask = 2147483647;
			files = (
				33EBF55E2200FEB600B242AE /* LaunchScreen.storyboard in Resources */,
				3381CB6222038605003FF236 /* AanvragenView.xib in Resources */,
				33D4B5DD2201AADA0095DAE6 /* NotoSerif-Regular.ttf in Resources */,
				3381CB5D22035654003FF236 /* NotoSerif-Italic.ttf in Resources */,
				33D4B5DE2201AADA0095DAE6 /* NotoSerif-Bold.ttf in Resources */,
				33EBF55B2200FEB600B242AE /* Assets.xcassets in Resources */,
				33EBF5592200FEB400B242AE /* Main.storyboard in Resources */,
				3381CB6422039569003FF236 /* LockedView.xib in Resources */,
			);
			runOnlyForDeploymentPostprocessing = 0;
		};
/* End PBXResourcesBuildPhase section */

/* Begin PBXShellScriptBuildPhase section */
		33686BD12E37F9F63A95E70B /* [CP] Check Pods Manifest.lock */ = {
			isa = PBXShellScriptBuildPhase;
			buildActionMask = 2147483647;
			files = (
			);
			inputPaths = (
				"${PODS_PODFILE_DIR_PATH}/Podfile.lock",
				"${PODS_ROOT}/Manifest.lock",
			);
			name = "[CP] Check Pods Manifest.lock";
			outputPaths = (
				"$(DERIVED_FILE_DIR)/Pods-MakerMate-checkManifestLockResult.txt",
			);
			runOnlyForDeploymentPostprocessing = 0;
			shellPath = /bin/sh;
			shellScript = "diff \"${PODS_PODFILE_DIR_PATH}/Podfile.lock\" \"${PODS_ROOT}/Manifest.lock\" > /dev/null\nif [ $? != 0 ] ; then\n    # print error to STDERR\n    echo \"error: The sandbox is not in sync with the Podfile.lock. Run 'pod install' or update your CocoaPods installation.\" >&2\n    exit 1\nfi\n# This output is used by Xcode 'outputs' to avoid re-running this script phase.\necho \"SUCCESS\" > \"${SCRIPT_OUTPUT_FILE_0}\"\n";
			showEnvVarsInLog = 0;
		};
		457DA03DEB9B205E85C74230 /* [CP] Embed Pods Frameworks */ = {
			isa = PBXShellScriptBuildPhase;
			buildActionMask = 2147483647;
			files = (
			);
			inputPaths = (
				"${SRCROOT}/Pods/Target Support Files/Pods-MakerMate/Pods-MakerMate-frameworks.sh",
				"${BUILT_PRODUCTS_DIR}/IQKeyboardManagerSwift/IQKeyboardManagerSwift.framework",
				"${BUILT_PRODUCTS_DIR}/ScalingCarousel/ScalingCarousel.framework",
			);
			name = "[CP] Embed Pods Frameworks";
			outputPaths = (
				"${TARGET_BUILD_DIR}/${FRAMEWORKS_FOLDER_PATH}/IQKeyboardManagerSwift.framework",
				"${TARGET_BUILD_DIR}/${FRAMEWORKS_FOLDER_PATH}/ScalingCarousel.framework",
			);
			runOnlyForDeploymentPostprocessing = 0;
			shellPath = /bin/sh;
			shellScript = "\"${SRCROOT}/Pods/Target Support Files/Pods-MakerMate/Pods-MakerMate-frameworks.sh\"\n";
			showEnvVarsInLog = 0;
		};
/* End PBXShellScriptBuildPhase section */

/* Begin PBXSourcesBuildPhase section */
		33EBF54C2200FEB400B242AE /* Sources */ = {
			isa = PBXSourcesBuildPhase;
			buildActionMask = 2147483647;
			files = (
				33D4B5D722019D250095DAE6 /* ProjectsViewController.swift in Sources */,
				338679D72205EDEC00ADD9B5 /* Stap3AanvraagViewController.swift in Sources */,
				33D4B60322022D420095DAE6 /* IntrestHomeCollectionViewCell.swift in Sources */,
				338679D32205CA5A00ADD9B5 /* Stap2AanvraagViewController.swift in Sources */,
				33EBF5562200FEB400B242AE /* ProfileViewController.swift in Sources */,
				338679D92205F01E00ADD9B5 /* Stap4AanvraagViewController.swift in Sources */,
				3381CB68220413A3003FF236 /* stepsCollectionViewCell.swift in Sources */,
				3381CB5B22033C87003FF236 /* TagsRequestCollectionViewCell.swift in Sources */,
				3381CB6C2204EDB6003FF236 /* ProjectStartenViewController.swift in Sources */,
				33D4B5E32201BD320095DAE6 /* ProjectCollectionViewCell.swift in Sources */,
				33D4B5E12201AEC10095DAE6 /* RequestCell.swift in Sources */,
				3381CB592202EE83003FF236 /* BackButton.swift in Sources */,
				338679D12205C0F800ADD9B5 /* aanvraagSteps.swift in Sources */,
				33EBF5542200FEB400B242AE /* AppDelegate.swift in Sources */,
				3381CB662203A4CA003FF236 /* stapUIView.swift in Sources */,
				3381CB5F220381C5003FF236 /* StepsProjectViewController.swift in Sources */,
				3381CB6A2204EB68003FF236 /* UIViewBorder.swift in Sources */,
				3381CB562202E9F3003FF236 /* RequestViewController.swift in Sources */,
				33D4B5D922019D350095DAE6 /* HomeViewController.swift in Sources */,
				3381CB6F2204FFDD003FF236 /* Stap1AanvraagViewController.swift in Sources */,
				338679D52205DA1300ADD9B5 /* customNavigation.swift in Sources */,
			);
			runOnlyForDeploymentPostprocessing = 0;
		};
/* End PBXSourcesBuildPhase section */

/* Begin PBXVariantGroup section */
		33EBF5572200FEB400B242AE /* Main.storyboard */ = {
			isa = PBXVariantGroup;
			children = (
				33EBF5582200FEB400B242AE /* Base */,
			);
			name = Main.storyboard;
			sourceTree = "<group>";
		};
		33EBF55C2200FEB600B242AE /* LaunchScreen.storyboard */ = {
			isa = PBXVariantGroup;
			children = (
				33EBF55D2200FEB600B242AE /* Base */,
			);
			name = LaunchScreen.storyboard;
			sourceTree = "<group>";
		};
/* End PBXVariantGroup section */

/* Begin XCBuildConfiguration section */
		33EBF5602200FEB600B242AE /* Debug */ = {
			isa = XCBuildConfiguration;
			buildSettings = {
				ALWAYS_SEARCH_USER_PATHS = NO;
				CLANG_ANALYZER_NONNULL = YES;
				CLANG_ANALYZER_NUMBER_OBJECT_CONVERSION = YES_AGGRESSIVE;
				CLANG_CXX_LANGUAGE_STANDARD = "gnu++14";
				CLANG_CXX_LIBRARY = "libc++";
				CLANG_ENABLE_MODULES = YES;
				CLANG_ENABLE_OBJC_ARC = YES;
				CLANG_ENABLE_OBJC_WEAK = YES;
				CLANG_WARN_BLOCK_CAPTURE_AUTORELEASING = YES;
				CLANG_WARN_BOOL_CONVERSION = YES;
				CLANG_WARN_COMMA = YES;
				CLANG_WARN_CONSTANT_CONVERSION = YES;
				CLANG_WARN_DEPRECATED_OBJC_IMPLEMENTATIONS = YES;
				CLANG_WARN_DIRECT_OBJC_ISA_USAGE = YES_ERROR;
				CLANG_WARN_DOCUMENTATION_COMMENTS = YES;
				CLANG_WARN_EMPTY_BODY = YES;
				CLANG_WARN_ENUM_CONVERSION = YES;
				CLANG_WARN_INFINITE_RECURSION = YES;
				CLANG_WARN_INT_CONVERSION = YES;
				CLANG_WARN_NON_LITERAL_NULL_CONVERSION = YES;
				CLANG_WARN_OBJC_IMPLICIT_RETAIN_SELF = YES;
				CLANG_WARN_OBJC_LITERAL_CONVERSION = YES;
				CLANG_WARN_OBJC_ROOT_CLASS = YES_ERROR;
				CLANG_WARN_RANGE_LOOP_ANALYSIS = YES;
				CLANG_WARN_STRICT_PROTOTYPES = YES;
				CLANG_WARN_SUSPICIOUS_MOVE = YES;
				CLANG_WARN_UNGUARDED_AVAILABILITY = YES_AGGRESSIVE;
				CLANG_WARN_UNREACHABLE_CODE = YES;
				CLANG_WARN__DUPLICATE_METHOD_MATCH = YES;
				CODE_SIGN_IDENTITY = "iPhone Developer";
				COPY_PHASE_STRIP = NO;
				DEBUG_INFORMATION_FORMAT = dwarf;
				ENABLE_STRICT_OBJC_MSGSEND = YES;
				ENABLE_TESTABILITY = YES;
				GCC_C_LANGUAGE_STANDARD = gnu11;
				GCC_DYNAMIC_NO_PIC = NO;
				GCC_NO_COMMON_BLOCKS = YES;
				GCC_OPTIMIZATION_LEVEL = 0;
				GCC_PREPROCESSOR_DEFINITIONS = (
					"DEBUG=1",
					"$(inherited)",
				);
				GCC_WARN_64_TO_32_BIT_CONVERSION = YES;
				GCC_WARN_ABOUT_RETURN_TYPE = YES_ERROR;
				GCC_WARN_UNDECLARED_SELECTOR = YES;
				GCC_WARN_UNINITIALIZED_AUTOS = YES_AGGRESSIVE;
				GCC_WARN_UNUSED_FUNCTION = YES;
				GCC_WARN_UNUSED_VARIABLE = YES;
				IPHONEOS_DEPLOYMENT_TARGET = 12.1;
				MTL_ENABLE_DEBUG_INFO = INCLUDE_SOURCE;
				MTL_FAST_MATH = YES;
				ONLY_ACTIVE_ARCH = YES;
				SDKROOT = iphoneos;
				SWIFT_ACTIVE_COMPILATION_CONDITIONS = DEBUG;
				SWIFT_OPTIMIZATION_LEVEL = "-Onone";
			};
			name = Debug;
		};
		33EBF5612200FEB600B242AE /* Release */ = {
			isa = XCBuildConfiguration;
			buildSettings = {
				ALWAYS_SEARCH_USER_PATHS = NO;
				CLANG_ANALYZER_NONNULL = YES;
				CLANG_ANALYZER_NUMBER_OBJECT_CONVERSION = YES_AGGRESSIVE;
				CLANG_CXX_LANGUAGE_STANDARD = "gnu++14";
				CLANG_CXX_LIBRARY = "libc++";
				CLANG_ENABLE_MODULES = YES;
				CLANG_ENABLE_OBJC_ARC = YES;
				CLANG_ENABLE_OBJC_WEAK = YES;
				CLANG_WARN_BLOCK_CAPTURE_AUTORELEASING = YES;
				CLANG_WARN_BOOL_CONVERSION = YES;
				CLANG_WARN_COMMA = YES;
				CLANG_WARN_CONSTANT_CONVERSION = YES;
				CLANG_WARN_DEPRECATED_OBJC_IMPLEMENTATIONS = YES;
				CLANG_WARN_DIRECT_OBJC_ISA_USAGE = YES_ERROR;
				CLANG_WARN_DOCUMENTATION_COMMENTS = YES;
				CLANG_WARN_EMPTY_BODY = YES;
				CLANG_WARN_ENUM_CONVERSION = YES;
				CLANG_WARN_INFINITE_RECURSION = YES;
				CLANG_WARN_INT_CONVERSION = YES;
				CLANG_WARN_NON_LITERAL_NULL_CONVERSION = YES;
				CLANG_WARN_OBJC_IMPLICIT_RETAIN_SELF = YES;
				CLANG_WARN_OBJC_LITERAL_CONVERSION = YES;
				CLANG_WARN_OBJC_ROOT_CLASS = YES_ERROR;
				CLANG_WARN_RANGE_LOOP_ANALYSIS = YES;
				CLANG_WARN_STRICT_PROTOTYPES = YES;
				CLANG_WARN_SUSPICIOUS_MOVE = YES;
				CLANG_WARN_UNGUARDED_AVAILABILITY = YES_AGGRESSIVE;
				CLANG_WARN_UNREACHABLE_CODE = YES;
				CLANG_WARN__DUPLICATE_METHOD_MATCH = YES;
				CODE_SIGN_IDENTITY = "iPhone Developer";
				COPY_PHASE_STRIP = NO;
				DEBUG_INFORMATION_FORMAT = "dwarf-with-dsym";
				ENABLE_NS_ASSERTIONS = NO;
				ENABLE_STRICT_OBJC_MSGSEND = YES;
				GCC_C_LANGUAGE_STANDARD = gnu11;
				GCC_NO_COMMON_BLOCKS = YES;
				GCC_WARN_64_TO_32_BIT_CONVERSION = YES;
				GCC_WARN_ABOUT_RETURN_TYPE = YES_ERROR;
				GCC_WARN_UNDECLARED_SELECTOR = YES;
				GCC_WARN_UNINITIALIZED_AUTOS = YES_AGGRESSIVE;
				GCC_WARN_UNUSED_FUNCTION = YES;
				GCC_WARN_UNUSED_VARIABLE = YES;
				IPHONEOS_DEPLOYMENT_TARGET = 12.1;
				MTL_ENABLE_DEBUG_INFO = NO;
				MTL_FAST_MATH = YES;
				SDKROOT = iphoneos;
				SWIFT_COMPILATION_MODE = wholemodule;
				SWIFT_OPTIMIZATION_LEVEL = "-O";
				VALIDATE_PRODUCT = YES;
			};
			name = Release;
		};
		33EBF5632200FEB600B242AE /* Debug */ = {
			isa = XCBuildConfiguration;
			baseConfigurationReference = 7571866B176500056F929F40 /* Pods-MakerMate.debug.xcconfig */;
			buildSettings = {
				ASSETCATALOG_COMPILER_APPICON_NAME = AppIcon;
				CODE_SIGN_STYLE = Automatic;
				DEVELOPMENT_TEAM = 9RZW73LTB7;
				INFOPLIST_FILE = "$(SRCROOT)/MakerMate/Supporting Files/Info.plist";
				LD_RUNPATH_SEARCH_PATHS = (
					"$(inherited)",
					"@executable_path/Frameworks",
				);
				PRODUCT_BUNDLE_IDENTIFIER = jensvansteen.devine.MakerMate;
				PRODUCT_NAME = "$(TARGET_NAME)";
				SWIFT_VERSION = 4.2;
				TARGETED_DEVICE_FAMILY = "1,2";
			};
			name = Debug;
		};
		33EBF5642200FEB600B242AE /* Release */ = {
			isa = XCBuildConfiguration;
			baseConfigurationReference = 6F18F3B9B0528F5EF81CBDCC /* Pods-MakerMate.release.xcconfig */;
			buildSettings = {
				ASSETCATALOG_COMPILER_APPICON_NAME = AppIcon;
				CODE_SIGN_STYLE = Automatic;
				DEVELOPMENT_TEAM = 9RZW73LTB7;
				INFOPLIST_FILE = "$(SRCROOT)/MakerMate/Supporting Files/Info.plist";
				LD_RUNPATH_SEARCH_PATHS = (
					"$(inherited)",
					"@executable_path/Frameworks",
				);
				PRODUCT_BUNDLE_IDENTIFIER = jensvansteen.devine.MakerMate;
				PRODUCT_NAME = "$(TARGET_NAME)";
				SWIFT_VERSION = 4.2;
				TARGETED_DEVICE_FAMILY = "1,2";
			};
			name = Release;
		};
/* End XCBuildConfiguration section */

/* Begin XCConfigurationList section */
		33EBF54B2200FEB400B242AE /* Build configuration list for PBXProject "MakerMate" */ = {
			isa = XCConfigurationList;
			buildConfigurations = (
				33EBF5602200FEB600B242AE /* Debug */,
				33EBF5612200FEB600B242AE /* Release */,
			);
			defaultConfigurationIsVisible = 0;
			defaultConfigurationName = Release;
		};
		33EBF5622200FEB600B242AE /* Build configuration list for PBXNativeTarget "MakerMate" */ = {
			isa = XCConfigurationList;
			buildConfigurations = (
				33EBF5632200FEB600B242AE /* Debug */,
				33EBF5642200FEB600B242AE /* Release */,
			);
			defaultConfigurationIsVisible = 0;
			defaultConfigurationName = Release;
		};
/* End XCConfigurationList section */
	};
	rootObject = 33EBF5482200FEB400B242AE /* Project object */;
}
