PODS:
  - IQKeyboardManagerSwift (6.0.4)
  - ScalingCarousel (2.3)

DEPENDENCIES:
  - IQKeyboardManagerSwift (= 6.0.4)
  - ScalingCarousel

SPEC REPOS:
  https://github.com/cocoapods/specs.git:
    - IQKeyboardManagerSwift
    - ScalingCarousel

SPEC CHECKSUMS:
  IQKeyboardManagerSwift: 36dbe324b4f9793f5f41ba5227f3e7c76dfefd50
  ScalingCarousel: ee866c34c01b784b6edf9009f12ea73935517e3e

PODFILE CHECKSUM: 4d6f455714c9cfb022094e52c02a53e362958cf0

COCOAPODS: 1.5.3
