PODS:
  - IQKeyboardManagerSwift (6.0.3)
  - ScalingCarousel (2.3)

DEPENDENCIES:
  - IQKeyboardManagerSwift
  - ScalingCarousel

SPEC REPOS:
  https://github.com/cocoapods/specs.git:
    - IQKeyboardManagerSwift
    - ScalingCarousel

SPEC CHECKSUMS:
  IQKeyboardManagerSwift: 04e8679f85e496bb2c474eeb9284052f1b3c391c
  ScalingCarousel: ee866c34c01b784b6edf9009f12ea73935517e3e

PODFILE CHECKSUM: e8c91086aa7b3ad17fb173fccedfeb98f5d9aa3b

COCOAPODS: 1.5.3
